
Microsoft Visual Studio Solution File, Format Version 12.00
# Visual Studio Version 17
VisualStudioVersion = 17.6.33815.320
MinimumVisualStudioVersion = 10.0.40219.1
Project("{FAE04EC0-301F-11D3-BF4B-00C04F79EFBC}") = "VeriTabanliParti_Secim_Grafik_Istatistik", "VeriTabanliParti_Secim_Grafik_Istatistik\VeriTabanliParti_Secim_Grafik_Istatistik.csproj", "{7CDC821B-841F-4AC9-A44F-9883EF57F8BE}"
EndProject
Global
	GlobalSection(SolutionConfigurationPlatforms) = preSolution
		Debug|Any CPU = Debug|Any CPU
		Release|Any CPU = Release|Any CPU
	EndGlobalSection
	GlobalSection(ProjectConfigurationPlatforms) = postSolution
		{7CDC821B-841F-4AC9-A44F-9883EF57F8BE}.Debug|Any CPU.ActiveCfg = Debug|Any CPU
		{7CDC821B-841F-4AC9-A44F-9883EF57F8BE}.Debug|Any CPU.Build.0 = Debug|Any CPU
		{7CDC821B-841F-4AC9-A44F-9883EF57F8BE}.Release|Any CPU.ActiveCfg = Release|Any CPU
		{7CDC821B-841F-4AC9-A44F-9883EF57F8BE}.Release|Any CPU.Build.0 = Release|Any CPU
	EndGlobalSection
	GlobalSection(SolutionProperties) = preSolution
		HideSolutionNode = FALSE
	EndGlobalSection
	GlobalSection(ExtensibilityGlobals) = postSolution
		SolutionGuid = {09B32724-FD99-4DCA-9DB1-23C8C6B9D0E5}
	EndGlobalSection
EndGlobal
